# This file was autogenerated by Stack.
# You should not edit this file by hand.
# For more information, please see the documentation at:
#   https://docs.haskellstack.org/en/stable/lock_files

packages:
- completed:
    hackage: penntreebank-megaparsec-0.2.0@sha256:01eca915493bfa80e3f7d9b311878cba7c1f581cbd42bdf9d0160e56f4af85fc,2210
    pantry-tree:
      size: 671
      sha256: b79a0da7bf3cc73e57352c2afc533b9b4f7dc807e1973532fa93806a3204a56d
  original:
    hackage: penntreebank-megaparsec-0.2.0
snapshots:
- completed:
    size: 496112
    url: https://raw.githubusercontent.com/commercialhaskell/stackage-snapshots/master/lts/15/13.yaml
    sha256: 75a1a0f870e1876898b117b0e443f911b3fa2985bfabb53158c81ab5765beda5
  original: lts-15.13
